Microsoft Visual Studio Solution File, Format Version 12.00
# Visual Studio 2012
Project("{FAE04EC0-301F-11D3-BF4B-00C04F79EFBC}") = "biggie-piggie-farm", "biggie-piggie-farm.csproj", "{52F89970-7D96-44E2-9E4F-08CF42D93BE8}"
EndProject
Global
	GlobalSection(SolutionConfigurationPlatforms) = preSolution
	Debug|Any CPU = Debug|Any CPU
	ExportDebug|Any CPU = ExportDebug|Any CPU
	ExportRelease|Any CPU = ExportRelease|Any CPU
	EndGlobalSection
	GlobalSection(ProjectConfigurationPlatforms) = postSolution
		{52F89970-7D96-44E2-9E4F-08CF42D93BE8}.Debug|Any CPU.ActiveCfg = Debug|Any CPU
		{52F89970-7D96-44E2-9E4F-08CF42D93BE8}.Debug|Any CPU.Build.0 = Debug|Any CPU
		{52F89970-7D96-44E2-9E4F-08CF42D93BE8}.ExportDebug|Any CPU.ActiveCfg = ExportDebug|Any CPU
		{52F89970-7D96-44E2-9E4F-08CF42D93BE8}.ExportDebug|Any CPU.Build.0 = ExportDebug|Any CPU
		{52F89970-7D96-44E2-9E4F-08CF42D93BE8}.ExportRelease|Any CPU.ActiveCfg = ExportRelease|Any CPU
		{52F89970-7D96-44E2-9E4F-08CF42D93BE8}.ExportRelease|Any CPU.Build.0 = ExportRelease|Any CPU
	EndGlobalSection
EndGlobal
